
Microsoft Visual Studio Solution File, Format Version 12.00
# Visual Studio Version 17
VisualStudioVersion = 17.0.32126.317
MinimumVisualStudioVersion = 10.0.40219.1
Project("{FAE04EC0-301F-11D3-BF4B-00C04F79EFBC}") = "ContactAPI", "ContactAPI\ContactAPI.csproj", "{496406B7-6B9B-4265-B4CE-975F7D0CDE6F}"
EndProject
Project("{FAE04EC0-301F-11D3-BF4B-00C04F79EFBC}") = "ContactAPI.Models", "ContactAPI.Models\ContactAPI.Models.csproj", "{8B517666-DD4A-4972-AA92-CE83EDD1F2EE}"
EndProject
Global
	GlobalSection(SolutionConfigurationPlatforms) = preSolution
		Debug|Any CPU = Debug|Any CPU
		Release|Any CPU = Release|Any CPU
	EndGlobalSection
	GlobalSection(ProjectConfigurationPlatforms) = postSolution
		{496406B7-6B9B-4265-B4CE-975F7D0CDE6F}.Debug|Any CPU.ActiveCfg = Debug|Any CPU
		{496406B7-6B9B-4265-B4CE-975F7D0CDE6F}.Debug|Any CPU.Build.0 = Debug|Any CPU
		{496406B7-6B9B-4265-B4CE-975F7D0CDE6F}.Release|Any CPU.ActiveCfg = Release|Any CPU
		{496406B7-6B9B-4265-B4CE-975F7D0CDE6F}.Release|Any CPU.Build.0 = Release|Any CPU
		{8B517666-DD4A-4972-AA92-CE83EDD1F2EE}.Debug|Any CPU.ActiveCfg = Debug|Any CPU
		{8B517666-DD4A-4972-AA92-CE83EDD1F2EE}.Debug|Any CPU.Build.0 = Debug|Any CPU
		{8B517666-DD4A-4972-AA92-CE83EDD1F2EE}.Release|Any CPU.ActiveCfg = Release|Any CPU
		{8B517666-DD4A-4972-AA92-CE83EDD1F2EE}.Release|Any CPU.Build.0 = Release|Any CPU
	EndGlobalSection
	GlobalSection(SolutionProperties) = preSolution
		HideSolutionNode = FALSE
	EndGlobalSection
	GlobalSection(ExtensibilityGlobals) = postSolution
		SolutionGuid = {98FAEC14-B04D-4A7F-BDDE-6CD2C085CB7B}
	EndGlobalSection
EndGlobal
